
Microsoft Visual Studio Solution File, Format Version 10.00
# Visual Studio 2008
Project("{FAE04EC0-301F-11D3-BF4B-00C04F79EFBC}") = "ShareMe", "ShareMe\ShareMe.csproj", "{73F9542E-CE33-4849-AB30-3E1BACA7343D}"
EndProject
Global
	GlobalSection(SolutionConfigurationPlatforms) = preSolution
		Debug|Any CPU = Debug|Any CPU
		Release|Any CPU = Release|Any CPU
	EndGlobalSection
	GlobalSection(ProjectConfigurationPlatforms) = postSolution
		{73F9542E-CE33-4849-AB30-3E1BACA7343D}.Debug|Any CPU.ActiveCfg = Debug|Any CPU
		{73F9542E-CE33-4849-AB30-3E1BACA7343D}.Debug|Any CPU.Build.0 = Debug|Any CPU
		{73F9542E-CE33-4849-AB30-3E1BACA7343D}.Release|Any CPU.ActiveCfg = Release|Any CPU
		{73F9542E-CE33-4849-AB30-3E1BACA7343D}.Release|Any CPU.Build.0 = Release|Any CPU
	EndGlobalSection
	GlobalSection(MonoDevelopProperties) = preSolution
		StartupItem = ShareMe\ShareMe.csproj
	EndGlobalSection
EndGlobal
